// !$*UTF8*$!
{
	archiveVersion = 1;
	classes = {
	};
	objectVersion = 56;
	objects = {

/* Begin PBXBuildFile section */
		B15958582B382B5400FA8559 /* Localizable.strings in Resources */ = {isa = PBXBuildFile; fileRef = B159585B2B382B5400FA8559 /* Localizable.strings */; };
		B15958592B382B5400FA8559 /* Localizable.strings in Resources */ = {isa = PBXBuildFile; fileRef = B159585B2B382B5400FA8559 /* Localizable.strings */; };
		B1A7A2EA2B32E14100B87D2F /* Menu.swift in Sources */ = {isa = PBXBuildFile; fileRef = B1A7A2E92B32E14100B87D2F /* Menu.swift */; };
		B1BAA11F2B318FFA00EB44DD /* Skoon Watch App.app in Embed Watch Content */ = {isa = PBXBuildFile; fileRef = B1BAA11E2B318FFA00EB44DD /* Skoon Watch App.app */; settings = {ATTRIBUTES = (RemoveHeadersOnCopy, ); }; };
		B1BAA1242B318FFA00EB44DD /* SkoonApp.swift in Sources */ = {isa = PBXBuildFile; fileRef = B1BAA1232B318FFA00EB44DD /* SkoonApp.swift */; };
		B1BAA1262B318FFA00EB44DD /* ContentView.swift in Sources */ = {isa = PBXBuildFile; fileRef = B1BAA1252B318FFA00EB44DD /* ContentView.swift */; };
		B1BAA1282B318FFB00EB44DD /* Assets.xcassets in Resources */ = {isa = PBXBuildFile; fileRef = B1BAA1272B318FFB00EB44DD /* Assets.xcassets */; };
		B1BAA12B2B318FFB00EB44DD /* Preview Assets.xcassets in Resources */ = {isa = PBXBuildFile; fileRef = B1BAA12A2B318FFB00EB44DD /* Preview Assets.xcassets */; };
/* End PBXBuildFile section */

/* Begin PBXContainerItemProxy section */
		B1BAA1202B318FFA00EB44DD /* PBXContainerItemProxy */ = {
			isa = PBXContainerItemProxy;
			containerPortal = B1BAA1122B318FFA00EB44DD /* Project object */;
			proxyType = 1;
			remoteGlobalIDString = B1BAA11D2B318FFA00EB44DD;
			remoteInfo = "Skoon Watch App";
		};
/* End PBXContainerItemProxy section */

/* Begin PBXCopyFilesBuildPhase section */
		B1BAA1312B318FFB00EB44DD /* Embed Watch Content */ = {
			isa = PBXCopyFilesBuildPhase;
			buildActionMask = 2147483647;
			dstPath = "$(CONTENTS_FOLDER_PATH)/Watch";
			dstSubfolderSpec = 16;
			files = (
				B1BAA11F2B318FFA00EB44DD /* Skoon Watch App.app in Embed Watch Content */,
			);
			name = "Embed Watch Content";
			runOnlyForDeploymentPostprocessing = 0;
		};
/* End PBXCopyFilesBuildPhase section */

/* Begin PBXFileReference section */
		B159585A2B382B5400FA8559 /* en */ = {isa = PBXFileReference; lastKnownFileType = text.plist.strings; name = en; path = en.lproj/Localizable.strings; sourceTree = "<group>"; };
		B159585C2B382B5500FA8559 /* ar */ = {isa = PBXFileReference; lastKnownFileType = text.plist.strings; name = ar; path = ar.lproj/Localizable.strings; sourceTree = "<group>"; };
		B1A7A2E92B32E14100B87D2F /* Menu.swift */ = {isa = PBXFileReference; lastKnownFileType = sourcecode.swift; path = Menu.swift; sourceTree = "<group>"; };
		B1BAA1182B318FFA00EB44DD /* Skoon.app */ = {isa = PBXFileReference; explicitFileType = wrapper.application; includeInIndex = 0; path = Skoon.app; sourceTree = BUILT_PRODUCTS_DIR; };
		B1BAA11E2B318FFA00EB44DD /* Skoon Watch App.app */ = {isa = PBXFileReference; explicitFileType = wrapper.application; includeInIndex = 0; path = "Skoon Watch App.app"; sourceTree = BUILT_PRODUCTS_DIR; };
		B1BAA1232B318FFA00EB44DD /* SkoonApp.swift */ = {isa = PBXFileReference; lastKnownFileType = sourcecode.swift; path = SkoonApp.swift; sourceTree = "<group>"; };
		B1BAA1252B318FFA00EB44DD /* ContentView.swift */ = {isa = PBXFileReference; lastKnownFileType = sourcecode.swift; path = ContentView.swift; sourceTree = "<group>"; };
		B1BAA1272B318FFB00EB44DD /* Assets.xcassets */ = {isa = PBXFileReference; lastKnownFileType = folder.assetcatalog; path = Assets.xcassets; sourceTree = "<group>"; };
		B1BAA12A2B318FFB00EB44DD /* Preview Assets.xcassets */ = {isa = PBXFileReference; lastKnownFileType = folder.assetcatalog; path = "Preview Assets.xcassets"; sourceTree = "<group>"; };
/* End PBXFileReference section */

/* Begin PBXFrameworksBuildPhase section */
		B1BAA11B2B318FFA00EB44DD /* Frameworks */ = {
			isa = PBXFrameworksBuildPhase;
			buildActionMask = 2147483647;
			files = (
			);
			runOnlyForDeploymentPostprocessing = 0;
		};
/* End PBXFrameworksBuildPhase section */

/* Begin PBXGroup section */
		B1BAA1112B318FFA00EB44DD = {
			isa = PBXGroup;
			children = (
				B1BAA1222B318FFA00EB44DD /* Skoon Watch App */,
				B1BAA1192B318FFA00EB44DD /* Products */,
			);
			sourceTree = "<group>";
		};
		B1BAA1192B318FFA00EB44DD /* Products */ = {
			isa = PBXGroup;
			children = (
				B1BAA1182B318FFA00EB44DD /* Skoon.app */,
				B1BAA11E2B318FFA00EB44DD /* Skoon Watch App.app */,
			);
			name = Products;
			sourceTree = "<group>";
		};
		B1BAA1222B318FFA00EB44DD /* Skoon Watch App */ = {
			isa = PBXGroup;
			children = (
				B1BAA1232B318FFA00EB44DD /* SkoonApp.swift */,
				B1BAA1252B318FFA00EB44DD /* ContentView.swift */,
				B159585B2B382B5400FA8559 /* Localizable.strings */,
				B1A7A2E92B32E14100B87D2F /* Menu.swift */,
				B1BAA1272B318FFB00EB44DD /* Assets.xcassets */,
				B1BAA1292B318FFB00EB44DD /* Preview Content */,
			);
			path = "Skoon Watch App";
			sourceTree = "<group>";
		};
		B1BAA1292B318FFB00EB44DD /* Preview Content */ = {
			isa = PBXGroup;
			children = (
				B1BAA12A2B318FFB00EB44DD /* Preview Assets.xcassets */,
			);
			path = "Preview Content";
			sourceTree = "<group>";
		};
/* End PBXGroup section */

/* Begin PBXNativeTarget section */
		B1BAA1172B318FFA00EB44DD /* Skoon */ = {
			isa = PBXNativeTarget;
			buildConfigurationList = B1BAA1322B318FFB00EB44DD /* Build configuration list for PBXNativeTarget "Skoon" */;
			buildPhases = (
				B1BAA1162B318FFA00EB44DD /* Resources */,
				B1BAA1312B318FFB00EB44DD /* Embed Watch Content */,
			);
			buildRules = (
			);
			dependencies = (
				B1BAA1212B318FFA00EB44DD /* PBXTargetDependency */,
			);
			name = Skoon;
			productName = Skoon;
			productReference = B1BAA1182B318FFA00EB44DD /* Skoon.app */;
			productType = "com.apple.product-type.application.watchapp2-container";
		};
		B1BAA11D2B318FFA00EB44DD /* Skoon Watch App */ = {
			isa = PBXNativeTarget;
			buildConfigurationList = B1BAA12E2B318FFB00EB44DD /* Build configuration list for PBXNativeTarget "Skoon Watch App" */;
			buildPhases = (
				B1BAA11A2B318FFA00EB44DD /* Sources */,
				B1BAA11B2B318FFA00EB44DD /* Frameworks */,
				B1BAA11C2B318FFA00EB44DD /* Resources */,
			);
			buildRules = (
			);
			dependencies = (
			);
			name = "Skoon Watch App";
			productName = "Skoon Watch App";
			productReference = B1BAA11E2B318FFA00EB44DD /* Skoon Watch App.app */;
			productType = "com.apple.product-type.application";
		};
/* End PBXNativeTarget section */

/* Begin PBXProject section */
		B1BAA1122B318FFA00EB44DD /* Project object */ = {
			isa = PBXProject;
			attributes = {
				BuildIndependentTargetsInParallel = 1;
				LastSwiftUpdateCheck = 1500;
				LastUpgradeCheck = 1500;
				TargetAttributes = {
					B1BAA1172B318FFA00EB44DD = {
						CreatedOnToolsVersion = 15.0;
					};
					B1BAA11D2B318FFA00EB44DD = {
						CreatedOnToolsVersion = 15.0;
					};
				};
			};
			buildConfigurationList = B1BAA1152B318FFA00EB44DD /* Build configuration list for PBXProject "Skoon" */;
			compatibilityVersion = "Xcode 14.0";
			developmentRegion = en;
			hasScannedForEncodings = 0;
			knownRegions = (
				en,
				Base,
				ar,
			);
			mainGroup = B1BAA1112B318FFA00EB44DD;
			productRefGroup = B1BAA1192B318FFA00EB44DD /* Products */;
			projectDirPath = "";
			projectRoot = "";
			targets = (
				B1BAA1172B318FFA00EB44DD /* Skoon */,
				B1BAA11D2B318FFA00EB44DD /* Skoon Watch App */,
			);
		};
/* End PBXProject section */

/* Begin PBXResourcesBuildPhase section */
		B1BAA1162B318FFA00EB44DD /* Resources */ = {
			isa = PBXResourcesBuildPhase;
			buildActionMask = 2147483647;
			files = (
				B15958582B382B5400FA8559 /* Localizable.strings in Resources */,
			);
			runOnlyForDeploymentPostprocessing = 0;
		};
		B1BAA11C2B318FFA00EB44DD /* Resources */ = {
			isa = PBXResourcesBuildPhase;
			buildActionMask = 2147483647;
			files = (
				B1BAA12B2B318FFB00EB44DD /* Preview Assets.xcassets in Resources */,
				B15958592B382B5400FA8559 /* Localizable.strings in Resources */,
				B1BAA1282B318FFB00EB44DD /* Assets.xcassets in Resources */,
			);
			runOnlyForDeploymentPostprocessing = 0;
		};
/* End PBXResourcesBuildPhase section */

/* Begin PBXSourcesBuildPhase section */
		B1BAA11A2B318FFA00EB44DD /* Sources */ = {
			isa = PBXSourcesBuildPhase;
			buildActionMask = 2147483647;
			files = (
				B1A7A2EA2B32E14100B87D2F /* Menu.swift in Sources */,
				B1BAA1262B318FFA00EB44DD /* ContentView.swift in Sources */,
				B1BAA1242B318FFA00EB44DD /* SkoonApp.swift in Sources */,
			);
			runOnlyForDeploymentPostprocessing = 0;
		};
/* End PBXSourcesBuildPhase section */

/* Begin PBXTargetDependency section */
		B1BAA1212B318FFA00EB44DD /* PBXTargetDependency */ = {
			isa = PBXTargetDependency;
			target = B1BAA11D2B318FFA00EB44DD /* Skoon Watch App */;
			targetProxy = B1BAA1202B318FFA00EB44DD /* PBXContainerItemProxy */;
		};
/* End PBXTargetDependency section */

/* Begin PBXVariantGroup section */
		B159585B2B382B5400FA8559 /* Localizable.strings */ = {
			isa = PBXVariantGroup;
			children = (
				B159585A2B382B5400FA8559 /* en */,
				B159585C2B382B5500FA8559 /* ar */,
			);
			name = Localizable.strings;
			sourceTree = "<group>";
		};
/* End PBXVariantGroup section */

/* Begin XCBuildConfiguration section */
		B1BAA12C2B318FFB00EB44DD /* Debug */ = {
			isa = XCBuildConfiguration;
			buildSettings = {
				ALWAYS_SEARCH_USER_PATHS = NO;
				ASSETCATALOG_COMPILER_GENERATE_SWIFT_ASSET_SYMBOL_EXTENSIONS = YES;
				CLANG_ANALYZER_NONNULL = YES;
				CLANG_ANALYZER_NUMBER_OBJECT_CONVERSION = YES_AGGRESSIVE;
				CLANG_CXX_LANGUAGE_STANDARD = "gnu++20";
				CLANG_ENABLE_MODULES = YES;
				CLANG_ENABLE_OBJC_ARC = YES;
				CLANG_ENABLE_OBJC_WEAK = YES;
				CLANG_WARN_BLOCK_CAPTURE_AUTORELEASING = YES;
				CLANG_WARN_BOOL_CONVERSION = YES;
				CLANG_WARN_COMMA = YES;
				CLANG_WARN_CONSTANT_CONVERSION = YES;
				CLANG_WARN_DEPRECATED_OBJC_IMPLEMENTATIONS = YES;
				CLANG_WARN_DIRECT_OBJC_ISA_USAGE = YES_ERROR;
				CLANG_WARN_DOCUMENTATION_COMMENTS = YES;
				CLANG_WARN_EMPTY_BODY = YES;
				CLANG_WARN_ENUM_CONVERSION = YES;
				CLANG_WARN_INFINITE_RECURSION = YES;
				CLANG_WARN_INT_CONVERSION = YES;
				CLANG_WARN_NON_LITERAL_NULL_CONVERSION = YES;
				CLANG_WARN_OBJC_IMPLICIT_RETAIN_SELF = YES;
				CLANG_WARN_OBJC_LITERAL_CONVERSION = YES;
				CLANG_WARN_OBJC_ROOT_CLASS = YES_ERROR;
				CLANG_WARN_QUOTED_INCLUDE_IN_FRAMEWORK_HEADER = YES;
				CLANG_WARN_RANGE_LOOP_ANALYSIS = YES;
				CLANG_WARN_STRICT_PROTOTYPES = YES;
				CLANG_WARN_SUSPICIOUS_MOVE = YES;
				CLANG_WARN_UNGUARDED_AVAILABILITY = YES_AGGRESSIVE;
				CLANG_WARN_UNREACHABLE_CODE = YES;
				CLANG_WARN__DUPLICATE_METHOD_MATCH = YES;
				COPY_PHASE_STRIP = NO;
				DEBUG_INFORMATION_FORMAT = dwarf;
				ENABLE_STRICT_OBJC_MSGSEND = YES;
				ENABLE_TESTABILITY = YES;
				ENABLE_USER_SCRIPT_SANDBOXING = YES;
				GCC_C_LANGUAGE_STANDARD = gnu17;
				GCC_DYNAMIC_NO_PIC = NO;
				GCC_NO_COMMON_BLOCKS = YES;
				GCC_OPTIMIZATION_LEVEL = 0;
				GCC_PREPROCESSOR_DEFINITIONS = (
					"DEBUG=1",
					"$(inherited)",
				);
				GCC_WARN_64_TO_32_BIT_CONVERSION = YES;
				GCC_WARN_ABOUT_RETURN_TYPE = YES_ERROR;
				GCC_WARN_UNDECLARED_SELECTOR = YES;
				GCC_WARN_UNINITIALIZED_AUTOS = YES_AGGRESSIVE;
				GCC_WARN_UNUSED_FUNCTION = YES;
				GCC_WARN_UNUSED_VARIABLE = YES;
				LOCALIZATION_PREFERS_STRING_CATALOGS = YES;
				MTL_ENABLE_DEBUG_INFO = INCLUDE_SOURCE;
				MTL_FAST_MATH = YES;
				ONLY_ACTIVE_ARCH = YES;
				SWIFT_ACTIVE_COMPILATION_CONDITIONS = "DEBUG $(inherited)";
				SWIFT_OPTIMIZATION_LEVEL = "-Onone";
			};
			name = Debug;
		};
		B1BAA12D2B318FFB00EB44DD /* Release */ = {
			isa = XCBuildConfiguration;
			buildSettings = {
				ALWAYS_SEARCH_USER_PATHS = NO;
				ASSETCATALOG_COMPILER_GENERATE_SWIFT_ASSET_SYMBOL_EXTENSIONS = YES;
				CLANG_ANALYZER_NONNULL = YES;
				CLANG_ANALYZER_NUMBER_OBJECT_CONVERSION = YES_AGGRESSIVE;
				CLANG_CXX_LANGUAGE_STANDARD = "gnu++20";
				CLANG_ENABLE_MODULES = YES;
				CLANG_ENABLE_OBJC_ARC = YES;
				CLANG_ENABLE_OBJC_WEAK = YES;
				CLANG_WARN_BLOCK_CAPTURE_AUTORELEASING = YES;
				CLANG_WARN_BOOL_CONVERSION = YES;
				CLANG_WARN_COMMA = YES;
				CLANG_WARN_CONSTANT_CONVERSION = YES;
				CLANG_WARN_DEPRECATED_OBJC_IMPLEMENTATIONS = YES;
				CLANG_WARN_DIRECT_OBJC_ISA_USAGE = YES_ERROR;
				CLANG_WARN_DOCUMENTATION_COMMENTS = YES;
				CLANG_WARN_EMPTY_BODY = YES;
				CLANG_WARN_ENUM_CONVERSION = YES;
				CLANG_WARN_INFINITE_RECURSION = YES;
				CLANG_WARN_INT_CONVERSION = YES;
				CLANG_WARN_NON_LITERAL_NULL_CONVERSION = YES;
				CLANG_WARN_OBJC_IMPLICIT_RETAIN_SELF = YES;
				CLANG_WARN_OBJC_LITERAL_CONVERSION = YES;
				CLANG_WARN_OBJC_ROOT_CLASS = YES_ERROR;
				CLANG_WARN_QUOTED_INCLUDE_IN_FRAMEWORK_HEADER = YES;
				CLANG_WARN_RANGE_LOOP_ANALYSIS = YES;
				CLANG_WARN_STRICT_PROTOTYPES = YES;
				CLANG_WARN_SUSPICIOUS_MOVE = YES;
				CLANG_WARN_UNGUARDED_AVAILABILITY = YES_AGGRESSIVE;
				CLANG_WARN_UNREACHABLE_CODE = YES;
				CLANG_WARN__DUPLICATE_METHOD_MATCH = YES;
				COPY_PHASE_STRIP = NO;
				DEBUG_INFORMATION_FORMAT = "dwarf-with-dsym";
				ENABLE_NS_ASSERTIONS = NO;
				ENABLE_STRICT_OBJC_MSGSEND = YES;
				ENABLE_USER_SCRIPT_SANDBOXING = YES;
				GCC_C_LANGUAGE_STANDARD = gnu17;
				GCC_NO_COMMON_BLOCKS = YES;
				GCC_WARN_64_TO_32_BIT_CONVERSION = YES;
				GCC_WARN_ABOUT_RETURN_TYPE = YES_ERROR;
				GCC_WARN_UNDECLARED_SELECTOR = YES;
				GCC_WARN_UNINITIALIZED_AUTOS = YES_AGGRESSIVE;
				GCC_WARN_UNUSED_FUNCTION = YES;
				GCC_WARN_UNUSED_VARIABLE = YES;
				LOCALIZATION_PREFERS_STRING_CATALOGS = YES;
				MTL_ENABLE_DEBUG_INFO = NO;
				MTL_FAST_MATH = YES;
				SWIFT_COMPILATION_MODE = wholemodule;
			};
			name = Release;
		};
		B1BAA12F2B318FFB00EB44DD /* Debug */ = {
			isa = XCBuildConfiguration;
			buildSettings = {
				ASSETCATALOG_COMPILER_APPICON_NAME = AppIcon;
				ASSETCATALOG_COMPILER_GLOBAL_ACCENT_COLOR_NAME = AccentColor;
				CODE_SIGN_STYLE = Automatic;
				CURRENT_PROJECT_VERSION = 1;
				DEVELOPMENT_ASSET_PATHS = "\"Skoon Watch App/Preview Content\"";
				DEVELOPMENT_TEAM = YNNQ2FSF4N;
				ENABLE_PREVIEWS = YES;
				GENERATE_INFOPLIST_FILE = YES;
				INFOPLIST_KEY_CFBundleDisplayName = Skoon;
				INFOPLIST_KEY_UISupportedInterfaceOrientations = "UIInterfaceOrientationPortrait UIInterfaceOrientationPortraitUpsideDown";
				INFOPLIST_KEY_WKWatchOnly = YES;
				LD_RUNPATH_SEARCH_PATHS = (
					"$(inherited)",
					"@executable_path/Frameworks",
				);
				MARKETING_VERSION = 1.0;
				PRODUCT_BUNDLE_IDENTIFIER = Skoon.Skoon.watchkitapp;
				PRODUCT_NAME = "$(TARGET_NAME)";
				SDKROOT = watchos;
				SKIP_INSTALL = YES;
				SWIFT_EMIT_LOC_STRINGS = YES;
				SWIFT_VERSION = 5.0;
				TARGETED_DEVICE_FAMILY = 4;
				WATCHOS_DEPLOYMENT_TARGET = 10.0;
			};
			name = Debug;
		};
		B1BAA1302B318FFB00EB44DD /* Release */ = {
			isa = XCBuildConfiguration;
			buildSettings = {
				ASSETCATALOG_COMPILER_APPICON_NAME = AppIcon;
				ASSETCATALOG_COMPILER_GLOBAL_ACCENT_COLOR_NAME = AccentColor;
				CODE_SIGN_STYLE = Automatic;
				CURRENT_PROJECT_VERSION = 1;
				DEVELOPMENT_ASSET_PATHS = "\"Skoon Watch App/Preview Content\"";
				DEVELOPMENT_TEAM = YNNQ2FSF4N;
				ENABLE_PREVIEWS = YES;
				GENERATE_INFOPLIST_FILE = YES;
				INFOPLIST_KEY_CFBundleDisplayName = Skoon;
				INFOPLIST_KEY_UISupportedInterfaceOrientations = "UIInterfaceOrientationPortrait UIInterfaceOrientationPortraitUpsideDown";
				INFOPLIST_KEY_WKWatchOnly = YES;
				LD_RUNPATH_SEARCH_PATHS = (
					"$(inherited)",
					"@executable_path/Frameworks",
				);
				MARKETING_VERSION = 1.0;
				PRODUCT_BUNDLE_IDENTIFIER = Skoon.Skoon.watchkitapp;
				PRODUCT_NAME = "$(TARGET_NAME)";
				SDKROOT = watchos;
				SKIP_INSTALL = YES;
				SWIFT_EMIT_LOC_STRINGS = YES;
				SWIFT_VERSION = 5.0;
				TARGETED_DEVICE_FAMILY = 4;
				VALIDATE_PRODUCT = YES;
				WATCHOS_DEPLOYMENT_TARGET = 10.0;
			};
			name = Release;
		};
		B1BAA1332B318FFB00EB44DD /* Debug */ = {
			isa = XCBuildConfiguration;
			buildSettings = {
				ALWAYS_EMBED_SWIFT_STANDARD_LIBRARIES = YES;
				CODE_SIGN_STYLE = Automatic;
				CURRENT_PROJECT_VERSION = 1;
				DEVELOPMENT_TEAM = YNNQ2FSF4N;
				INFOPLIST_KEY_CFBundleDisplayName = Skoon;
				MARKETING_VERSION = 1.0;
				PRODUCT_BUNDLE_IDENTIFIER = Skoon.Skoon;
				PRODUCT_NAME = "$(TARGET_NAME)";
				SDKROOT = iphoneos;
				SWIFT_VERSION = 5.0;
			};
			name = Debug;
		};
		B1BAA1342B318FFB00EB44DD /* Release */ = {
			isa = XCBuildConfiguration;
			buildSettings = {
				ALWAYS_EMBED_SWIFT_STANDARD_LIBRARIES = YES;
				CODE_SIGN_STYLE = Automatic;
				CURRENT_PROJECT_VERSION = 1;
				DEVELOPMENT_TEAM = YNNQ2FSF4N;
				INFOPLIST_KEY_CFBundleDisplayName = Skoon;
				MARKETING_VERSION = 1.0;
				PRODUCT_BUNDLE_IDENTIFIER = Skoon.Skoon;
				PRODUCT_NAME = "$(TARGET_NAME)";
				SDKROOT = iphoneos;
				SWIFT_VERSION = 5.0;
				VALIDATE_PRODUCT = YES;
			};
			name = Release;
		};
/* End XCBuildConfiguration section */

/* Begin XCConfigurationList section */
		B1BAA1152B318FFA00EB44DD /* Build configuration list for PBXProject "Skoon" */ = {
			isa = XCConfigurationList;
			buildConfigurations = (
				B1BAA12C2B318FFB00EB44DD /* Debug */,
				B1BAA12D2B318FFB00EB44DD /* Release */,
			);
			defaultConfigurationIsVisible = 0;
			defaultConfigurationName = Release;
		};
		B1BAA12E2B318FFB00EB44DD /* Build configuration list for PBXNativeTarget "Skoon Watch App" */ = {
			isa = XCConfigurationList;
			buildConfigurations = (
				B1BAA12F2B318FFB00EB44DD /* Debug */,
				B1BAA1302B318FFB00EB44DD /* Release */,
			);
			defaultConfigurationIsVisible = 0;
			defaultConfigurationName = Release;
		};
		B1BAA1322B318FFB00EB44DD /* Build configuration list for PBXNativeTarget "Skoon" */ = {
			isa = XCConfigurationList;
			buildConfigurations = (
				B1BAA1332B318FFB00EB44DD /* Debug */,
				B1BAA1342B318FFB00EB44DD /* Release */,
			);
			defaultConfigurationIsVisible = 0;
			defaultConfigurationName = Release;
		};
/* End XCConfigurationList section */
	};
	rootObject = B1BAA1122B318FFA00EB44DD /* Project object */;
}
